# Generated by pub
# See https://dart.dev/tools/pub/glossary#lockfile
packages:
  _fe_analyzer_shared:
    dependency: transitive
    description:
      name: _fe_analyzer_shared
      url: "https://pub.dartlang.org"
    source: hosted
    version: "12.0.0"
  actions:
    dependency: transitive
    description:
      path: "../actions"
      relative: true
    source: path
    version: "0.0.1"
  analyzer:
    dependency: "direct overridden"
    description:
      name: analyzer
      url: "https://pub.dartlang.org"
    source: hosted
    version: "0.40.6"
  app_domain:
    dependency: "direct main"
    description:
      path: "../app_domain"
      relative: true
    source: path
    version: "0.0.1"
  archive:
    dependency: transitive
    description:
      name: archive
      url: "https://pub.dartlang.org"
    source: hosted
    version: "2.0.13"
  archive_basic:
    dependency: transitive
    description:
      path: "../features/archive/archive_basic"
      relative: true
    source: path
    version: "0.0.1"
  args:
    dependency: transitive
    description:
      name: args
      url: "https://pub.dartlang.org"
    source: hosted
    version: "1.6.0"
  async:
    dependency: "direct overridden"
    description:
      name: async
      url: "https://pub.dartlang.org"
    source: hosted
    version: "2.5.0-nullsafety.1"
  auth_basic:
    dependency: transitive
    description:
      path: "../features/auth/auth_basic"
      relative: true
    source: path
    version: "0.0.1"
  balance_basic:
    dependency: transitive
    description:
      path: "../features/balance/balance_basic"
      relative: true
    source: path
    version: "0.0.1"
  base_ui:
    dependency: transitive
    description:
      path: "../base_ui"
      relative: true
    source: path
    version: "0.0.1"
  boolean_selector:
    dependency: transitive
    description:
      name: boolean_selector
      url: "https://pub.dartlang.org"
    source: hosted
    version: "2.1.0"
  brand_origin:
    dependency: transitive
    description:
      path: "../features/brand/brand_origin"
      relative: true
    source: path
    version: "0.0.1"
  build:
    dependency: transitive
    description:
      name: build
      url: "https://pub.dartlang.org"
    source: hosted
    version: "1.6.2"
  build_config:
    dependency: transitive
    description:
      name: build_config
      url: "https://pub.dartlang.org"
    source: hosted
    version: "0.4.5"
  build_daemon:
    dependency: transitive
    description:
      name: build_daemon
      url: "https://pub.dartlang.org"
    source: hosted
    version: "2.1.8"
  build_resolvers:
    dependency: transitive
    description:
      name: build_resolvers
      url: "https://pub.dartlang.org"
    source: hosted
    version: "1.5.4"
  build_runner:
    dependency: "direct dev"
    description:
      name: build_runner
      url: "https://pub.dartlang.org"
    source: hosted
    version: "1.11.1"
  build_runner_core:
    dependency: transitive
    description:
      name: build_runner_core
      url: "https://pub.dartlang.org"
    source: hosted
    version: "6.1.7"
  build_test:
    dependency: "direct dev"
    description:
      name: build_test
      url: "https://pub.dartlang.org"
    source: hosted
    version: "0.10.12+1"
  built_collection:
    dependency: "direct main"
    description:
      name: built_collection
      url: "https://pub.dartlang.org"
    source: hosted
    version: "4.3.2"
  built_redux:
    dependency: "direct dev"
    description:
      path: "."
      ref: HEAD
      resolved-ref: c5fe881f45f4b477c831952327160f0e4ba1745b
      url: "https://github.com/ligastavok/built_redux"
    source: git
    version: "7.5.11"
  built_value:
    dependency: "direct main"
    description:
      name: built_value
      url: "https://pub.dartlang.org"
    source: hosted
    version: "7.1.0"
  built_value_generator:
    dependency: "direct dev"
    description:
      name: built_value_generator
      url: "https://pub.dartlang.org"
    source: hosted
    version: "7.1.0"
  carousel_slider:
    dependency: transitive
    description:
      name: carousel_slider
      url: "https://pub.dartlang.org"
    source: hosted
    version: "1.3.1"
  centrifuge:
    dependency: transitive
    description:
      name: centrifuge
      url: "https://pub.dartlang.org"
    source: hosted
    version: "0.5.1"
  characters:
    dependency: transitive
    description:
      name: characters
      url: "https://pub.dartlang.org"
    source: hosted
    version: "1.1.0"
  charcode:
    dependency: transitive
    description:
      name: charcode
      url: "https://pub.dartlang.org"
    source: hosted
    version: "1.2.0"
  checked_yaml:
    dependency: transitive
    description:
      name: checked_yaml
      url: "https://pub.dartlang.org"
    source: hosted
    version: "1.0.4"
  cli_util:
    dependency: transitive
    description:
      name: cli_util
      url: "https://pub.dartlang.org"
    source: hosted
    version: "0.2.0"
  clock:
    dependency: transitive
    description:
      name: clock
      url: "https://pub.dartlang.org"
    source: hosted
    version: "1.1.0"
  cms_basic:
    dependency: transitive
    description:
      path: "../features/cms/cms_basic"
      relative: true
    source: path
    version: "0.0.1"
  code_builder:
    dependency: transitive
    description:
      name: code_builder
      url: "https://pub.dartlang.org"
    source: hosted
    version: "3.6.0"
  collection:
    dependency: "direct overridden"
    description:
      name: collection
      url: "https://pub.dartlang.org"
    source: hosted
    version: "1.15.0"
  components:
    dependency: transitive
    description:
      path: "../components"
      relative: true
    source: path
    version: "0.0.1"
  connectivity:
    dependency: transitive
    description:
      name: connectivity
      url: "https://pub.dartlang.org"
    source: hosted
    version: "0.4.4"
  convert:
    dependency: transitive
    description:
      name: convert
      url: "https://pub.dartlang.org"
    source: hosted
    version: "2.1.1"
  coverage:
    dependency: transitive
    description:
      name: coverage
      url: "https://pub.dartlang.org"
    source: hosted
    version: "0.15.2"
  crypto:
    dependency: "direct overridden"
    description:
      name: crypto
      url: "https://pub.dartlang.org"
    source: hosted
    version: "2.1.5"
  csslib:
    dependency: transitive
    description:
      name: csslib
      url: "https://pub.dartlang.org"
    source: hosted
    version: "0.16.2"
  dart_style:
    dependency: transitive
    description:
      name: dart_style
      url: "https://pub.dartlang.org"
    source: hosted
    version: "1.3.13"
  design:
    dependency: transitive
    description:
      path: "../design"
      relative: true
    source: path
    version: "0.0.1"
  device_info:
    dependency: transitive
    description:
      name: device_info
      url: "https://pub.dartlang.org"
    source: hosted
    version: "0.4.0+2"
  diff_operations:
    dependency: transitive
    description:
      path: "../features/diff_operations"
      relative: true
    source: path
    version: "0.0.1"
  dio:
    dependency: transitive
    description:
      name: dio
      url: "https://pub.dartlang.org"
    source: hosted
    version: "3.0.10"
  dioc:
    dependency: transitive
    description:
      path: "dioc/dioc"
      ref: HEAD
      resolved-ref: "8d178182cad8f07a689162b8113e0d6ff3f17137"
      url: "https://github.com/ligastavok/flutter_packages"
    source: git
    version: "0.1.6"
  dioc_generator:
    dependency: "direct dev"
    description:
      path: "dioc/dioc_generator"
      ref: HEAD
      resolved-ref: "8d178182cad8f07a689162b8113e0d6ff3f17137"
      url: "https://github.com/ligastavok/flutter_packages"
    source: git
    version: "0.1.6"
  domain_serializers:
    dependency: transitive
    description:
      path: "../domain_serializers"
      relative: true
    source: path
    version: "0.0.1"
  equatable:
    dependency: transitive
    description:
      name: equatable
      url: "https://pub.dartlang.org"
    source: hosted
    version: "1.2.2"
  events_basic:
    dependency: transitive
    description:
      path: "../features/events/events_basic"
      relative: true
    source: path
    version: "0.0.1"
  events_origin:
    dependency: transitive
    description:
      path: "../features/events/events_origin"
      relative: true
    source: path
    version: "0.0.1"
  fake_async:
    dependency: transitive
    description:
      name: fake_async
      url: "https://pub.dartlang.org"
    source: hosted
    version: "1.2.0"
  ffi:
    dependency: transitive
    description:
      name: ffi
      url: "https://pub.dartlang.org"
    source: hosted
    version: "0.1.3"
  file:
    dependency: "direct dev"
    description:
      name: file
      url: "https://pub.dartlang.org"
    source: hosted
    version: "6.1.0"
  firebase_core:
    dependency: transitive
    description:
      name: firebase_core
      url: "https://pub.dartlang.org"
    source: hosted
    version: "0.5.3"
  firebase_core_platform_interface:
    dependency: transitive
    description:
      name: firebase_core_platform_interface
      url: "https://pub.dartlang.org"
    source: hosted
    version: "2.1.0"
  firebase_core_web:
    dependency: transitive
    description:
      name: firebase_core_web
      url: "https://pub.dartlang.org"
    source: hosted
    version: "0.2.1+1"
  firebase_messaging:
    dependency: transitive
    description:
      name: firebase_messaging
      url: "https://pub.dartlang.org"
    source: hosted
    version: "7.0.1"
  fixnum:
    dependency: transitive
    description:
      name: fixnum
      url: "https://pub.dartlang.org"
    source: hosted
    version: "0.10.11"
  flare_dart:
    dependency: transitive
    description:
      name: flare_dart
      url: "https://pub.dartlang.org"
    source: hosted
    version: "1.4.9"
  flare_flutter:
    dependency: transitive
    description:
      name: flare_flutter
      url: "https://pub.dartlang.org"
    source: hosted
    version: "1.5.9"
  flutter:
    dependency: "direct main"
    description: flutter
    source: sdk
    version: "0.0.0"
  flutter_built_redux:
    dependency: transitive
    description:
      path: "."
      ref: HEAD
      resolved-ref: d670a4d0f706de376c290857479134d9b5635049
      url: "https://github.com/ligastavok/flutter_built_redux"
    source: git
    version: "0.6.1"
  flutter_driver:
    dependency: "direct dev"
    description: flutter
    source: sdk
    version: "0.0.0"
  flutter_full_pdf_viewer:
    dependency: transitive
    description:
      name: flutter_full_pdf_viewer
      url: "https://pub.dartlang.org"
    source: hosted
    version: "1.0.6"
  flutter_inappwebview:
    dependency: transitive
    description:
      name: flutter_inappwebview
      url: "https://pub.dartlang.org"
    source: hosted
    version: "4.0.0+4"
  flutter_localizations:
    dependency: "direct main"
    description: flutter
    source: sdk
    version: "0.0.0"
  flutter_plugin_android_lifecycle:
    dependency: transitive
    description:
      name: flutter_plugin_android_lifecycle
      url: "https://pub.dartlang.org"
    source: hosted
    version: "1.0.11"
  flutter_sticky_header:
    dependency: transitive
    description:
      name: flutter_sticky_header
      url: "https://pub.dartlang.org"
    source: hosted
    version: "0.4.0"
  flutter_svg:
    dependency: transitive
    description:
      name: flutter_svg
      url: "https://pub.dartlang.org"
    source: hosted
    version: "0.19.3"
  flutter_test:
    dependency: "direct dev"
    description: flutter
    source: sdk
    version: "0.0.0"
  flutter_web_plugins:
    dependency: transitive
    description: flutter
    source: sdk
    version: "0.0.0"
  flutter_widgets:
    dependency: transitive
    description:
      name: flutter_widgets
      url: "https://pub.dartlang.org"
    source: hosted
    version: "0.1.6-dev.2"
  freezed_annotation:
    dependency: transitive
    description:
      name: freezed_annotation
      url: "https://pub.dartlang.org"
    source: hosted
    version: "0.13.0-nullsafety.0"
  fuchsia_remote_debug_protocol:
    dependency: transitive
    description: flutter
    source: sdk
    version: "0.0.0"
  glob:
    dependency: transitive
    description:
      name: glob
      url: "https://pub.dartlang.org"
    source: hosted
    version: "1.2.0"
  google_fonts:
    dependency: transitive
    description:
      name: google_fonts
      url: "https://pub.dartlang.org"
    source: hosted
    version: "1.1.1"
  graphs:
    dependency: transitive
    description:
      name: graphs
      url: "https://pub.dartlang.org"
    source: hosted
    version: "0.2.0"
  hive:
    dependency: transitive
    description:
      name: hive
      url: "https://pub.dartlang.org"
    source: hosted
    version: "1.6.0-nullsafety.2"
  html:
    dependency: transitive
    description:
      name: html
      url: "https://pub.dartlang.org"
    source: hosted
    version: "0.14.0+4"
  http:
    dependency: transitive
    description:
      name: http
      url: "https://pub.dartlang.org"
    source: hosted
    version: "0.12.2"
  http_multi_server:
    dependency: transitive
    description:
      name: http_multi_server
      url: "https://pub.dartlang.org"
    source: hosted
    version: "2.2.0"
  http_parser:
    dependency: transitive
    description:
      name: http_parser
      url: "https://pub.dartlang.org"
    source: hosted
    version: "3.1.4"
  icons_basic:
    dependency: "direct main"
    description:
      path: "../features/icons/icons_basic"
      relative: true
    source: path
    version: "0.0.1"
  intl:
    dependency: "direct overridden"
    description:
      name: intl
      url: "https://pub.dartlang.org"
    source: hosted
    version: "0.17.0-nullsafety.2"
  intl_translation:
    dependency: transitive
    description:
      name: intl_translation
      url: "https://pub.dartlang.org"
    source: hosted
    version: "0.17.10+1"
  io:
    dependency: transitive
    description:
      name: io
      url: "https://pub.dartlang.org"
    source: hosted
    version: "0.3.4"
  js:
    dependency: transitive
    description:
      name: js
      url: "https://pub.dartlang.org"
    source: hosted
    version: "0.6.3"
  json_annotation:
    dependency: "direct overridden"
    description:
      name: json_annotation
      url: "https://pub.dartlang.org"
    source: hosted
    version: "4.0.0"
  keyboard_visibility:
    dependency: transitive
    description:
      path: keyboard_visibility
      ref: HEAD
      resolved-ref: "0454ab7c3706c87b52d0b5369a14f8b0d9b3ae89"
      url: "https://github.com/ligastavok/flutter_packages"
    source: git
    version: "0.5.6"
  l10n_base:
    dependency: transitive
    description:
      path: "../l10n/l10n_base"
      relative: true
    source: path
    version: "0.0.1"
  lib_mvi:
    dependency: transitive
    description:
      path: "../lib_mvi"
      relative: true
    source: path
    version: "0.0.1"
  local_auth:
    dependency: transitive
    description:
      name: local_auth
      url: "https://pub.dartlang.org"
    source: hosted
    version: "0.6.3+4"
  logger:
    dependency: transitive
    description:
      name: logger
      url: "https://pub.dartlang.org"
    source: hosted
    version: "0.7.0+2"
  logger_flutter:
    dependency: transitive
    description:
      name: logger_flutter
      url: "https://pub.dartlang.org"
    source: hosted
    version: "0.7.1"
  logging:
    dependency: transitive
    description:
      name: logging
      url: "https://pub.dartlang.org"
    source: hosted
    version: "0.11.4"
  mappers:
    dependency: transitive
    description:
      path: "../mappers"
      relative: true
    source: path
    version: "0.0.1"
  mask_text_input_formatter:
    dependency: transitive
    description:
      name: mask_text_input_formatter
      url: "https://pub.dartlang.org"
    source: hosted
    version: "1.0.2"
  matcher:
    dependency: transitive
    description:
      name: matcher
      url: "https://pub.dartlang.org"
    source: hosted
    version: "0.12.10"
  memoize:
    dependency: transitive
    description:
      name: memoize
      url: "https://pub.dartlang.org"
    source: hosted
    version: "2.0.0"
  meta:
    dependency: "direct overridden"
    description:
      name: meta
      url: "https://pub.dartlang.org"
    source: hosted
    version: "1.3.0"
  mime:
    dependency: transitive
    description:
      name: mime
      url: "https://pub.dartlang.org"
    source: hosted
    version: "0.9.7"
  models:
    dependency: transitive
    description:
      path: "../models"
      relative: true
    source: path
    version: "0.0.1"
  models_next:
    dependency: transitive
    description:
      path: "../models_next"
      relative: true
    source: path
    version: "0.0.1"
  navigation:
    dependency: transitive
    description:
      path: "../navigation"
      relative: true
    source: path
    version: "0.0.1"
  neo_auth:
    dependency: transitive
    description:
      path: "../neo_auth"
      relative: true
    source: path
    version: "0.0.1"
  neo_error_converter:
    dependency: "direct main"
    description:
      path: "../neo_error_converter"
      relative: true
    source: path
    version: "1.0.1-nullsafety"
  neo_network:
    dependency: "direct main"
    description:
      path: "../neo_network"
      relative: true
    source: path
    version: "0.0.1"
  neo_pin:
    dependency: transitive
    description:
      path: "../neo_pin"
      relative: true
    source: path
    version: "0.0.1"
  neo_storage:
    dependency: transitive
    description:
      path: "../neo_storage"
      relative: true
    source: path
    version: "0.0.1"
  neo_ui_core:
    dependency: transitive
    description:
      path: "../neo_ui_core"
      relative: true
    source: path
    version: "0.0.1"
  nested:
    dependency: transitive
    description:
      name: nested
      url: "https://pub.dartlang.org"
    source: hosted
    version: "1.0.0"
  network:
    dependency: transitive
    description:
      path: "../network"
      relative: true
    source: path
    version: "0.0.1"
  node_interop:
    dependency: transitive
    description:
      name: node_interop
      url: "https://pub.dartlang.org"
    source: hosted
    version: "1.2.1"
  node_io:
    dependency: transitive
    description:
      name: node_io
      url: "https://pub.dartlang.org"
    source: hosted
    version: "1.2.0"
  node_preamble:
    dependency: transitive
    description:
      name: node_preamble
      url: "https://pub.dartlang.org"
    source: hosted
    version: "1.4.13"
  package_config:
    dependency: transitive
    description:
      name: package_config
      url: "https://pub.dartlang.org"
    source: hosted
    version: "1.9.3"
  package_info:
    dependency: transitive
    description:
      name: package_info
      url: "https://pub.dartlang.org"
    source: hosted
    version: "0.4.0+6"
  package_resolver:
    dependency: transitive
    description:
      name: package_resolver
      url: "https://pub.dartlang.org"
    source: hosted
    version: "1.0.10"
  path:
    dependency: "direct overridden"
    description:
      name: path
      url: "https://pub.dartlang.org"
    source: hosted
    version: "1.8.0"
  path_drawing:
    dependency: transitive
    description:
      name: path_drawing
      url: "https://pub.dartlang.org"
    source: hosted
    version: "0.4.1+1"
  path_parsing:
    dependency: transitive
    description:
      name: path_parsing
      url: "https://pub.dartlang.org"
    source: hosted
    version: "0.1.4"
  path_provider:
    dependency: "direct overridden"
    description:
      name: path_provider
      url: "https://pub.dartlang.org"
    source: hosted
    version: "1.6.27"
  path_provider_linux:
    dependency: transitive
    description:
      name: path_provider_linux
      url: "https://pub.dartlang.org"
    source: hosted
    version: "0.0.1+2"
  path_provider_macos:
    dependency: transitive
    description:
      name: path_provider_macos
      url: "https://pub.dartlang.org"
    source: hosted
    version: "0.0.4+8"
  path_provider_platform_interface:
    dependency: transitive
    description:
      name: path_provider_platform_interface
      url: "https://pub.dartlang.org"
    source: hosted
    version: "1.0.4"
  path_provider_windows:
    dependency: transitive
    description:
      name: path_provider_windows
      url: "https://pub.dartlang.org"
    source: hosted
    version: "0.0.4+3"
  pedantic:
    dependency: "direct dev"
    description:
      name: pedantic
      url: "https://pub.dartlang.org"
    source: hosted
    version: "1.10.0-nullsafety.3"
  permission_handler:
    dependency: transitive
    description:
      name: permission_handler
      url: "https://pub.dartlang.org"
    source: hosted
    version: "4.0.0"
  petitparser:
    dependency: transitive
    description:
      name: petitparser
      url: "https://pub.dartlang.org"
    source: hosted
    version: "3.1.0"
  platform:
    dependency: "direct dev"
    description:
      name: platform
      url: "https://pub.dartlang.org"
    source: hosted
    version: "3.0.0"
  plugin_platform_interface:
    dependency: transitive
    description:
      name: plugin_platform_interface
      url: "https://pub.dartlang.org"
    source: hosted
    version: "1.0.3"
  pool:
    dependency: transitive
    description:
      name: pool
      url: "https://pub.dartlang.org"
    source: hosted
    version: "1.5.0"
  process:
    dependency: "direct dev"
    description:
      name: process
      url: "https://pub.dartlang.org"
    source: hosted
    version: "4.1.0"
  protobuf:
    dependency: transitive
    description:
      name: protobuf
      url: "https://pub.dartlang.org"
    source: hosted
    version: "1.1.3"
  provider:
    dependency: "direct main"
    description:
      name: provider
      url: "https://pub.dartlang.org"
    source: hosted
    version: "5.0.0-nullsafety.5"
  pub_cache:
    dependency: transitive
    description:
      name: pub_cache
      url: "https://pub.dartlang.org"
    source: hosted
    version: "0.2.3"
  pub_semver:
    dependency: transitive
    description:
      name: pub_semver
      url: "https://pub.dartlang.org"
    source: hosted
    version: "1.4.4"
  pubspec_parse:
    dependency: transitive
    description:
      name: pubspec_parse
      url: "https://pub.dartlang.org"
    source: hosted
    version: "0.1.8"
  quiver:
    dependency: transitive
    description:
      name: quiver
      url: "https://pub.dartlang.org"
    source: hosted
    version: "2.1.5"
  reselect:
    dependency: transitive
    description:
      name: reselect
      url: "https://pub.dartlang.org"
    source: hosted
    version: "0.4.0"
  resource:
    dependency: transitive
    description:
      name: resource
      url: "https://pub.dartlang.org"
    source: hosted
    version: "2.1.7"
  rxdart:
    dependency: "direct main"
    description:
      name: rxdart
      url: "https://pub.dartlang.org"
    source: hosted
    version: "0.26.0-nullsafety.1"
  screen:
    dependency: transitive
    description:
      name: screen
      url: "https://pub.dartlang.org"
    source: hosted
    version: "0.0.5"
  screenshots:
    dependency: "direct overridden"
    description:
      name: screenshots
      url: "https://pub.dartlang.org"
    source: hosted
    version: "2.1.1"
  sealed_unions:
    dependency: transitive
    description:
      name: sealed_unions
      url: "https://pub.dartlang.org"
    source: hosted
    version: "3.0.2+2"
  sensors:
    dependency: transitive
    description:
      name: sensors
      url: "https://pub.dartlang.org"
    source: hosted
    version: "0.4.2+6"
  services:
    dependency: transitive
    description:
      path: "../services"
      relative: true
    source: path
    version: "0.0.1"
  shared_preferences:
    dependency: transitive
    description:
      name: shared_preferences
      url: "https://pub.dartlang.org"
    source: hosted
    version: "0.5.10"
  shared_preferences_linux:
    dependency: transitive
    description:
      name: shared_preferences_linux
      url: "https://pub.dartlang.org"
    source: hosted
    version: "0.0.2+2"
  shared_preferences_macos:
    dependency: transitive
    description:
      name: shared_preferences_macos
      url: "https://pub.dartlang.org"
    source: hosted
    version: "0.0.1+10"
  shared_preferences_platform_interface:
    dependency: transitive
    description:
      name: shared_preferences_platform_interface
      url: "https://pub.dartlang.org"
    source: hosted
    version: "1.0.4"
  shared_preferences_web:
    dependency: transitive
    description:
      name: shared_preferences_web
      url: "https://pub.dartlang.org"
    source: hosted
    version: "0.1.2+7"
  shelf:
    dependency: transitive
    description:
      name: shelf
      url: "https://pub.dartlang.org"
    source: hosted
    version: "0.7.9"
  shelf_packages_handler:
    dependency: transitive
    description:
      name: shelf_packages_handler
      url: "https://pub.dartlang.org"
    source: hosted
    version: "2.0.1"
  shelf_static:
    dependency: transitive
    description:
      name: shelf_static
      url: "https://pub.dartlang.org"
    source: hosted
    version: "0.2.9+2"
  shelf_web_socket:
    dependency: transitive
    description:
      name: shelf_web_socket
      url: "https://pub.dartlang.org"
    source: hosted
    version: "0.2.4+1"
  sky_engine:
    dependency: transitive
    description: flutter
    source: sdk
    version: "0.0.99"
  source_gen:
    dependency: transitive
    description:
      name: source_gen
      url: "https://pub.dartlang.org"
    source: hosted
    version: "0.9.10+3"
  source_map_stack_trace:
    dependency: transitive
    description:
      name: source_map_stack_trace
      url: "https://pub.dartlang.org"
    source: hosted
    version: "2.1.0"
  source_maps:
    dependency: transitive
    description:
      name: source_maps
      url: "https://pub.dartlang.org"
    source: hosted
    version: "0.10.10"
  source_span:
    dependency: transitive
    description:
      name: source_span
      url: "https://pub.dartlang.org"
    source: hosted
    version: "1.8.0"
  sportbook_basic:
    dependency: transitive
    description:
      path: "../features/sportbook/sportbook_basic"
      relative: true
    source: path
    version: "0.0.1"
  stack_trace:
    dependency: transitive
    description:
      name: stack_trace
      url: "https://pub.dartlang.org"
    source: hosted
    version: "1.10.0"
  states:
    dependency: transitive
    description:
      path: "../states"
      relative: true
    source: path
    version: "0.0.1"
  storage:
    dependency: transitive
    description:
      path: "../storage"
      relative: true
    source: path
    version: "0.0.1"
  stream_channel:
    dependency: transitive
    description:
      name: stream_channel
      url: "https://pub.dartlang.org"
    source: hosted
    version: "2.1.0"
  stream_transform:
    dependency: transitive
    description:
      name: stream_transform
      url: "https://pub.dartlang.org"
    source: hosted
    version: "1.2.0"
  string_scanner:
    dependency: transitive
    description:
      name: string_scanner
      url: "https://pub.dartlang.org"
    source: hosted
    version: "1.1.0"
  string_similarity:
    dependency: transitive
    description:
      name: string_similarity
      url: "https://pub.dartlang.org"
    source: hosted
    version: "1.0.1"
  sync_http:
    dependency: transitive
    description:
      name: sync_http
      url: "https://pub.dartlang.org"
    source: hosted
    version: "0.2.0"
  term_glyph:
    dependency: transitive
    description:
      name: term_glyph
      url: "https://pub.dartlang.org"
    source: hosted
    version: "1.2.0"
  test:
    dependency: transitive
    description:
      name: test
      url: "https://pub.dartlang.org"
    source: hosted
    version: "1.16.0-nullsafety.19"
  test_api:
    dependency: transitive
    description:
      name: test_api
      url: "https://pub.dartlang.org"
    source: hosted
    version: "0.2.19"
  test_core:
    dependency: transitive
    description:
      name: test_core
      url: "https://pub.dartlang.org"
    source: hosted
    version: "0.3.12-nullsafety.17"
  timing:
    dependency: transitive
    description:
      name: timing
      url: "https://pub.dartlang.org"
    source: hosted
    version: "0.1.1+3"
  tool_base:
    dependency: transitive
    description:
      name: tool_base
      url: "https://pub.dartlang.org"
    source: hosted
    version: "1.9.5+3"
  tool_mobile:
    dependency: transitive
    description:
      name: tool_mobile
      url: "https://pub.dartlang.org"
    source: hosted
    version: "1.9.5+1"
  transparent_image:
    dependency: transitive
    description:
      name: transparent_image
      url: "https://pub.dartlang.org"
    source: hosted
    version: "1.0.0"
  tuple:
    dependency: transitive
    description:
      name: tuple
      url: "https://pub.dartlang.org"
    source: hosted
    version: "1.0.2"
  typed_data:
    dependency: transitive
    description:
      name: typed_data
      url: "https://pub.dartlang.org"
    source: hosted
    version: "1.3.0"
  ui_library:
    dependency: transitive
    description:
      path: "../ui_library"
      relative: true
    source: path
    version: "0.0.1"
  url_launcher:
    dependency: transitive
    description:
      name: url_launcher
      url: "https://pub.dartlang.org"
    source: hosted
    version: "5.5.2"
  url_launcher_linux:
    dependency: transitive
    description:
      name: url_launcher_linux
      url: "https://pub.dartlang.org"
    source: hosted
    version: "0.0.1+4"
  url_launcher_macos:
    dependency: transitive
    description:
      name: url_launcher_macos
      url: "https://pub.dartlang.org"
    source: hosted
    version: "0.0.1+9"
  url_launcher_platform_interface:
    dependency: transitive
    description:
      name: url_launcher_platform_interface
      url: "https://pub.dartlang.org"
    source: hosted
    version: "1.0.9"
  url_launcher_web:
    dependency: transitive
    description:
      name: url_launcher_web
      url: "https://pub.dartlang.org"
    source: hosted
    version: "0.1.5+3"
  user_basic:
    dependency: transitive
    description:
      path: "../features/user/user_basic"
      relative: true
    source: path
    version: "0.0.1"
  utilities:
    dependency: transitive
    description:
      path: "../utilities"
      relative: true
    source: path
    version: "0.0.1"
  uuid:
    dependency: transitive
    description:
      name: uuid
      url: "https://pub.dartlang.org"
    source: hosted
    version: "2.0.2"
  vector_math:
    dependency: transitive
    description:
      name: vector_math
      url: "https://pub.dartlang.org"
    source: hosted
    version: "2.1.0"
  video_player:
    dependency: transitive
    description:
      path: video_player
      ref: e1e6deb207e1f341259a18fcf56237f27c4d8f2a
      resolved-ref: e1e6deb207e1f341259a18fcf56237f27c4d8f2a
      url: "https://github.com/ligastavok/flutter_packages"
    source: git
    version: "0.10.11"
  video_player_platform_interface:
    dependency: transitive
    description:
      name: video_player_platform_interface
      url: "https://pub.dartlang.org"
    source: hosted
    version: "2.2.0"
  video_player_web_hls:
    dependency: transitive
    description:
      name: video_player_web_hls
      url: "https://pub.dartlang.org"
    source: hosted
    version: "0.1.8"
  vm_service:
    dependency: transitive
    description:
      name: vm_service
      url: "https://pub.dartlang.org"
    source: hosted
    version: "5.5.0"
  watcher:
    dependency: transitive
    description:
      name: watcher
      url: "https://pub.dartlang.org"
    source: hosted
    version: "0.9.7+15"
  web_socket_channel:
    dependency: transitive
    description:
      name: web_socket_channel
      url: "https://pub.dartlang.org"
    source: hosted
    version: "1.1.0"
  webdriver:
    dependency: transitive
    description:
      name: webdriver
      url: "https://pub.dartlang.org"
    source: hosted
    version: "2.1.2"
  webkit_inspection_protocol:
    dependency: transitive
    description:
      name: webkit_inspection_protocol
      url: "https://pub.dartlang.org"
    source: hosted
    version: "0.7.5"
  websafe_svg:
    dependency: transitive
    description:
      name: websafe_svg
      url: "https://pub.dartlang.org"
    source: hosted
    version: "1.1.4+2"
  webview_flutter:
    dependency: transitive
    description:
      name: webview_flutter
      url: "https://pub.dartlang.org"
    source: hosted
    version: "0.3.22+1"
  widget_keys:
    dependency: transitive
    description:
      path: "../widget_keys"
      relative: true
    source: path
    version: "0.0.1"
  win32:
    dependency: transitive
    description:
      name: win32
      url: "https://pub.dartlang.org"
    source: hosted
    version: "1.7.4+1"
  xdg_directories:
    dependency: transitive
    description:
      name: xdg_directories
      url: "https://pub.dartlang.org"
    source: hosted
    version: "0.1.2"
  xml:
    dependency: transitive
    description:
      name: xml
      url: "https://pub.dartlang.org"
    source: hosted
    version: "4.5.1"
  yaml:
    dependency: transitive
    description:
      name: yaml
      url: "https://pub.dartlang.org"
    source: hosted
    version: "2.2.1"
sdks:
  dart: ">=2.12.0-0.0.dev <3.0.0"
  flutter: ">=1.25.0"
